
Microsoft Visual Studio Solution File, Format Version 12.00
# Visual Studio Version 17
VisualStudioVersion = 17.11.35327.3
MinimumVisualStudioVersion = 10.0.40219.1
Project("{9A19103F-16F7-4668-BE54-9A1E7A4F7556}") = "API", "API\API.csproj", "{185087A3-E4B5-4D1E-A2AC-2E09C53DA294}"
EndProject
Project("{9A19103F-16F7-4668-BE54-9A1E7A4F7556}") = "DataAccess", "DataAccess\DataAccess.csproj", "{B2DA5EC6-1879-4218-8087-7BA8807150C1}"
EndProject
Project("{9A19103F-16F7-4668-BE54-9A1E7A4F7556}") = "Domain", "Domain\Domain.csproj", "{A57B910C-5D5D-46B2-93AF-CB03F074C5C1}"
EndProject
Project("{FAE04EC0-301F-11D3-BF4B-00C04F79EFBC}") = "Application", "Application\Application.csproj", "{E8CEA026-730C-445F-AE70-FF9E84389A83}"
EndProject
Project("{FAE04EC0-301F-11D3-BF4B-00C04F79EFBC}") = "Frontend", "Frontend\Frontend.csproj", "{519D8394-2679-4076-8100-A2D17CF50222}"
EndProject
Project("{FAE04EC0-301F-11D3-BF4B-00C04F79EFBC}") = "Contracts", "Contracts\Contracts.csproj", "{B59DFA1E-10AB-4B13-8727-E83AB493413D}"
EndProject
Project("{FAE04EC0-301F-11D3-BF4B-00C04F79EFBC}") = "WordTest", "WordTest\WordTest.csproj", "{86254390-BF14-4731-B10C-5CC70E97D100}"
EndProject
Global
	GlobalSection(SolutionConfigurationPlatforms) = preSolution
		Debug|Any CPU = Debug|Any CPU
		Release|Any CPU = Release|Any CPU
	EndGlobalSection
	GlobalSection(ProjectConfigurationPlatforms) = postSolution
		{185087A3-E4B5-4D1E-A2AC-2E09C53DA294}.Debug|Any CPU.ActiveCfg = Debug|Any CPU
		{185087A3-E4B5-4D1E-A2AC-2E09C53DA294}.Debug|Any CPU.Build.0 = Debug|Any CPU
		{185087A3-E4B5-4D1E-A2AC-2E09C53DA294}.Release|Any CPU.ActiveCfg = Release|Any CPU
		{185087A3-E4B5-4D1E-A2AC-2E09C53DA294}.Release|Any CPU.Build.0 = Release|Any CPU
		{B2DA5EC6-1879-4218-8087-7BA8807150C1}.Debug|Any CPU.ActiveCfg = Debug|Any CPU
		{B2DA5EC6-1879-4218-8087-7BA8807150C1}.Debug|Any CPU.Build.0 = Debug|Any CPU
		{B2DA5EC6-1879-4218-8087-7BA8807150C1}.Release|Any CPU.ActiveCfg = Release|Any CPU
		{B2DA5EC6-1879-4218-8087-7BA8807150C1}.Release|Any CPU.Build.0 = Release|Any CPU
		{A57B910C-5D5D-46B2-93AF-CB03F074C5C1}.Debug|Any CPU.ActiveCfg = Debug|Any CPU
		{A57B910C-5D5D-46B2-93AF-CB03F074C5C1}.Debug|Any CPU.Build.0 = Debug|Any CPU
		{A57B910C-5D5D-46B2-93AF-CB03F074C5C1}.Release|Any CPU.ActiveCfg = Release|Any CPU
		{A57B910C-5D5D-46B2-93AF-CB03F074C5C1}.Release|Any CPU.Build.0 = Release|Any CPU
		{E8CEA026-730C-445F-AE70-FF9E84389A83}.Debug|Any CPU.ActiveCfg = Debug|Any CPU
		{E8CEA026-730C-445F-AE70-FF9E84389A83}.Debug|Any CPU.Build.0 = Debug|Any CPU
		{E8CEA026-730C-445F-AE70-FF9E84389A83}.Release|Any CPU.ActiveCfg = Release|Any CPU
		{E8CEA026-730C-445F-AE70-FF9E84389A83}.Release|Any CPU.Build.0 = Release|Any CPU
		{519D8394-2679-4076-8100-A2D17CF50222}.Debug|Any CPU.ActiveCfg = Debug|Any CPU
		{519D8394-2679-4076-8100-A2D17CF50222}.Debug|Any CPU.Build.0 = Debug|Any CPU
		{519D8394-2679-4076-8100-A2D17CF50222}.Release|Any CPU.ActiveCfg = Release|Any CPU
		{519D8394-2679-4076-8100-A2D17CF50222}.Release|Any CPU.Build.0 = Release|Any CPU
		{B59DFA1E-10AB-4B13-8727-E83AB493413D}.Debug|Any CPU.ActiveCfg = Debug|Any CPU
		{B59DFA1E-10AB-4B13-8727-E83AB493413D}.Debug|Any CPU.Build.0 = Debug|Any CPU
		{B59DFA1E-10AB-4B13-8727-E83AB493413D}.Release|Any CPU.ActiveCfg = Release|Any CPU
		{B59DFA1E-10AB-4B13-8727-E83AB493413D}.Release|Any CPU.Build.0 = Release|Any CPU
		{86254390-BF14-4731-B10C-5CC70E97D100}.Debug|Any CPU.ActiveCfg = Debug|Any CPU
		{86254390-BF14-4731-B10C-5CC70E97D100}.Debug|Any CPU.Build.0 = Debug|Any CPU
		{86254390-BF14-4731-B10C-5CC70E97D100}.Release|Any CPU.ActiveCfg = Release|Any CPU
		{86254390-BF14-4731-B10C-5CC70E97D100}.Release|Any CPU.Build.0 = Release|Any CPU
	EndGlobalSection
	GlobalSection(SolutionProperties) = preSolution
		HideSolutionNode = FALSE
	EndGlobalSection
	GlobalSection(ExtensibilityGlobals) = postSolution
		SolutionGuid = {7CCC74B8-05F3-43C7-9556-1EE21928768B}
	EndGlobalSection
EndGlobal
